
Microsoft Visual Studio Solution File, Format Version 12.00
Project("{FAE04EC0-301F-11D3-BF4B-00C04F79EFBC}") = "pet-store", "pet-store.csproj", "{0308B6C1-D711-47FA-BF73-F712C1839469}"
EndProject
Global
	GlobalSection(SolutionConfigurationPlatforms) = preSolution
		Debug|Any CPU = Debug|Any CPU
		Release|Any CPU = Release|Any CPU
	EndGlobalSection
	GlobalSection(ProjectConfigurationPlatforms) = postSolution
		{0308B6C1-D711-47FA-BF73-F712C1839469}.Debug|Any CPU.ActiveCfg = Debug|Any CPU
		{0308B6C1-D711-47FA-BF73-F712C1839469}.Debug|Any CPU.Build.0 = Debug|Any CPU
		{0308B6C1-D711-47FA-BF73-F712C1839469}.Release|Any CPU.ActiveCfg = Release|Any CPU
		{0308B6C1-D711-47FA-BF73-F712C1839469}.Release|Any CPU.Build.0 = Release|Any CPU
	EndGlobalSection
EndGlobal
